// !$*UTF8*$!
{
	archiveVersion = 1;
	classes = {
	};
	objectVersion = 55;
	objects = {

/* Begin PBXBuildFile section */
		0D3137A64EF60B59E41C5BFE /* Pods_Weather_app.framework in Frameworks */ = {isa = PBXBuildFile; fileRef = 91C439067D7F5BD448D7A2A9 /* Pods_Weather_app.framework */; };
		58041B8B2714C8440048632C /* LoadingView.swift in Sources */ = {isa = PBXBuildFile; fileRef = 58041B8A2714C8440048632C /* LoadingView.swift */; };
		58041B8E2714FCC00048632C /* Header.xib in Resources */ = {isa = PBXBuildFile; fileRef = 58041B8D2714FCC00048632C /* Header.xib */; };
		58041B902714FD940048632C /* HeaderView.swift in Sources */ = {isa = PBXBuildFile; fileRef = 58041B8F2714FD940048632C /* HeaderView.swift */; };
		58041B9427160AE70048632C /* ForecastTableVC.swift in Sources */ = {isa = PBXBuildFile; fileRef = 58041B9327160AE70048632C /* ForecastTableVC.swift */; };
		5811CEEF270FACE5004110DC /* AppDelegate.swift in Sources */ = {isa = PBXBuildFile; fileRef = 5811CEEE270FACE5004110DC /* AppDelegate.swift */; };
		5811CEF1270FACE5004110DC /* SceneDelegate.swift in Sources */ = {isa = PBXBuildFile; fileRef = 5811CEF0270FACE5004110DC /* SceneDelegate.swift */; };
		5811CEF3270FACE5004110DC /* MainVC.swift in Sources */ = {isa = PBXBuildFile; fileRef = 5811CEF2270FACE5004110DC /* MainVC.swift */; };
		5811CEF6270FACE5004110DC /* Main.storyboard in Resources */ = {isa = PBXBuildFile; fileRef = 5811CEF4270FACE5004110DC /* Main.storyboard */; };
		5811CEF8270FACE6004110DC /* Assets.xcassets in Resources */ = {isa = PBXBuildFile; fileRef = 5811CEF7270FACE6004110DC /* Assets.xcassets */; };
		5811CEFB270FACE6004110DC /* LaunchScreen.storyboard in Resources */ = {isa = PBXBuildFile; fileRef = 5811CEF9270FACE6004110DC /* LaunchScreen.storyboard */; };
		5811CF072710D0A1004110DC /* ForecastVC.swift in Sources */ = {isa = PBXBuildFile; fileRef = 5811CF062710D0A1004110DC /* ForecastVC.swift */; };
		5811CF092710DADD004110DC /* ForecastCell.swift in Sources */ = {isa = PBXBuildFile; fileRef = 5811CF082710DADD004110DC /* ForecastCell.swift */; };
		5811CF0B2710E2B3004110DC /* Keys.swift in Sources */ = {isa = PBXBuildFile; fileRef = 5811CF0A2710E2B3004110DC /* Keys.swift */; };
		5811CF0D2710EEE4004110DC /* WeatherData.swift in Sources */ = {isa = PBXBuildFile; fileRef = 5811CF0C2710EEE4004110DC /* WeatherData.swift */; };
		5811CF0F27114C3C004110DC /* CurrentWeatherModel.swift in Sources */ = {isa = PBXBuildFile; fileRef = 5811CF0E27114C3C004110DC /* CurrentWeatherModel.swift */; };
		58A1363A2713C59F00EC3AA0 /* Icons.swift in Sources */ = {isa = PBXBuildFile; fileRef = 58A136392713C59F00EC3AA0 /* Icons.swift */; };
		58A1363E2713E8FD00EC3AA0 /* PermissionVC.swift in Sources */ = {isa = PBXBuildFile; fileRef = 58A1363D2713E8FD00EC3AA0 /* PermissionVC.swift */; };
/* End PBXBuildFile section */

/* Begin PBXFileReference section */
		108552F4569E716A2AD2E546 /* Pods-Weather_app.release.xcconfig */ = {isa = PBXFileReference; includeInIndex = 1; lastKnownFileType = text.xcconfig; name = "Pods-Weather_app.release.xcconfig"; path = "Target Support Files/Pods-Weather_app/Pods-Weather_app.release.xcconfig"; sourceTree = "<group>"; };
		58041B8A2714C8440048632C /* LoadingView.swift */ = {isa = PBXFileReference; lastKnownFileType = sourcecode.swift; path = LoadingView.swift; sourceTree = "<group>"; };
		58041B8D2714FCC00048632C /* Header.xib */ = {isa = PBXFileReference; lastKnownFileType = file.xib; path = Header.xib; sourceTree = "<group>"; };
		58041B8F2714FD940048632C /* HeaderView.swift */ = {isa = PBXFileReference; lastKnownFileType = sourcecode.swift; path = HeaderView.swift; sourceTree = "<group>"; };
		58041B9327160AE70048632C /* ForecastTableVC.swift */ = {isa = PBXFileReference; lastKnownFileType = sourcecode.swift; path = ForecastTableVC.swift; sourceTree = "<group>"; };
		5811CEEB270FACE5004110DC /* Weather_app.app */ = {isa = PBXFileReference; explicitFileType = wrapper.application; includeInIndex = 0; path = Weather_app.app; sourceTree = BUILT_PRODUCTS_DIR; };
		5811CEEE270FACE5004110DC /* AppDelegate.swift */ = {isa = PBXFileReference; lastKnownFileType = sourcecode.swift; path = AppDelegate.swift; sourceTree = "<group>"; };
		5811CEF0270FACE5004110DC /* SceneDelegate.swift */ = {isa = PBXFileReference; lastKnownFileType = sourcecode.swift; path = SceneDelegate.swift; sourceTree = "<group>"; };
		5811CEF2270FACE5004110DC /* MainVC.swift */ = {isa = PBXFileReference; lastKnownFileType = sourcecode.swift; path = MainVC.swift; sourceTree = "<group>"; };
		5811CEF5270FACE5004110DC /* Base */ = {isa = PBXFileReference; lastKnownFileType = file.storyboard; name = Base; path = Base.lproj/Main.storyboard; sourceTree = "<group>"; };
		5811CEF7270FACE6004110DC /* Assets.xcassets */ = {isa = PBXFileReference; lastKnownFileType = folder.assetcatalog; path = Assets.xcassets; sourceTree = "<group>"; };
		5811CEFA270FACE6004110DC /* Base */ = {isa = PBXFileReference; lastKnownFileType = file.storyboard; name = Base; path = Base.lproj/LaunchScreen.storyboard; sourceTree = "<group>"; };
		5811CEFC270FACE6004110DC /* Info.plist */ = {isa = PBXFileReference; lastKnownFileType = text.plist.xml; path = Info.plist; sourceTree = "<group>"; };
		5811CF062710D0A1004110DC /* ForecastVC.swift */ = {isa = PBXFileReference; lastKnownFileType = sourcecode.swift; path = ForecastVC.swift; sourceTree = "<group>"; };
		5811CF082710DADD004110DC /* ForecastCell.swift */ = {isa = PBXFileReference; lastKnownFileType = sourcecode.swift; path = ForecastCell.swift; sourceTree = "<group>"; };
		5811CF0A2710E2B3004110DC /* Keys.swift */ = {isa = PBXFileReference; lastKnownFileType = sourcecode.swift; path = Keys.swift; sourceTree = "<group>"; };
		5811CF0C2710EEE4004110DC /* WeatherData.swift */ = {isa = PBXFileReference; lastKnownFileType = sourcecode.swift; path = WeatherData.swift; sourceTree = "<group>"; };
		5811CF0E27114C3C004110DC /* CurrentWeatherModel.swift */ = {isa = PBXFileReference; lastKnownFileType = sourcecode.swift; path = CurrentWeatherModel.swift; sourceTree = "<group>"; };
		58A136392713C59F00EC3AA0 /* Icons.swift */ = {isa = PBXFileReference; lastKnownFileType = sourcecode.swift; path = Icons.swift; sourceTree = "<group>"; };
		58A1363D2713E8FD00EC3AA0 /* PermissionVC.swift */ = {isa = PBXFileReference; lastKnownFileType = sourcecode.swift; path = PermissionVC.swift; sourceTree = "<group>"; };
		91C439067D7F5BD448D7A2A9 /* Pods_Weather_app.framework */ = {isa = PBXFileReference; explicitFileType = wrapper.framework; includeInIndex = 0; path = Pods_Weather_app.framework; sourceTree = BUILT_PRODUCTS_DIR; };
		D7FB5AF4504F3A4DB37D848C /* Pods-Weather_app.debug.xcconfig */ = {isa = PBXFileReference; includeInIndex = 1; lastKnownFileType = text.xcconfig; name = "Pods-Weather_app.debug.xcconfig"; path = "Target Support Files/Pods-Weather_app/Pods-Weather_app.debug.xcconfig"; sourceTree = "<group>"; };
/* End PBXFileReference section */

/* Begin PBXFrameworksBuildPhase section */
		5811CEE8270FACE5004110DC /* Frameworks */ = {
			isa = PBXFrameworksBuildPhase;
			buildActionMask = 2147483647;
			files = (
				0D3137A64EF60B59E41C5BFE /* Pods_Weather_app.framework in Frameworks */,
			);
			runOnlyForDeploymentPostprocessing = 0;
		};
/* End PBXFrameworksBuildPhase section */

/* Begin PBXGroup section */
		45603E4BF33B5E821918A584 /* Frameworks */ = {
			isa = PBXGroup;
			children = (
				91C439067D7F5BD448D7A2A9 /* Pods_Weather_app.framework */,
			);
			name = Frameworks;
			sourceTree = "<group>";
		};
		4D3961FAC79A21150B0E195D /* Pods */ = {
			isa = PBXGroup;
			children = (
				D7FB5AF4504F3A4DB37D848C /* Pods-Weather_app.debug.xcconfig */,
				108552F4569E716A2AD2E546 /* Pods-Weather_app.release.xcconfig */,
			);
			path = Pods;
			sourceTree = "<group>";
		};
		5811CEE2270FACE5004110DC = {
			isa = PBXGroup;
			children = (
				5811CEED270FACE5004110DC /* Weather_app */,
				5811CEEC270FACE5004110DC /* Products */,
				4D3961FAC79A21150B0E195D /* Pods */,
				45603E4BF33B5E821918A584 /* Frameworks */,
			);
			sourceTree = "<group>";
		};
		5811CEEC270FACE5004110DC /* Products */ = {
			isa = PBXGroup;
			children = (
				5811CEEB270FACE5004110DC /* Weather_app.app */,
			);
			name = Products;
			sourceTree = "<group>";
		};
		5811CEED270FACE5004110DC /* Weather_app */ = {
			isa = PBXGroup;
			children = (
				5811CEEE270FACE5004110DC /* AppDelegate.swift */,
				5811CEF0270FACE5004110DC /* SceneDelegate.swift */,
				5811CF02270FB282004110DC /* Model */,
				5811CF04270FB29B004110DC /* View */,
				5811CEF4270FACE5004110DC /* Main.storyboard */,
				5811CF05270FB2A5004110DC /* Controller */,
				5811CEF7270FACE6004110DC /* Assets.xcassets */,
				5811CEF9270FACE6004110DC /* LaunchScreen.storyboard */,
				5811CEFC270FACE6004110DC /* Info.plist */,
			);
			path = Weather_app;
			sourceTree = "<group>";
		};
		5811CF02270FB282004110DC /* Model */ = {
			isa = PBXGroup;
			children = (
				5811CF0A2710E2B3004110DC /* Keys.swift */,
				58A136392713C59F00EC3AA0 /* Icons.swift */,
				5811CF0C2710EEE4004110DC /* WeatherData.swift */,
				5811CF0E27114C3C004110DC /* CurrentWeatherModel.swift */,
			);
			path = Model;
			sourceTree = "<group>";
		};
		5811CF04270FB29B004110DC /* View */ = {
			isa = PBXGroup;
			children = (
				5811CF082710DADD004110DC /* ForecastCell.swift */,
				58041B8A2714C8440048632C /* LoadingView.swift */,
				58041B8D2714FCC00048632C /* Header.xib */,
				58041B8F2714FD940048632C /* HeaderView.swift */,
			);
			path = View;
			sourceTree = "<group>";
		};
		5811CF05270FB2A5004110DC /* Controller */ = {
			isa = PBXGroup;
			children = (
				5811CEF2270FACE5004110DC /* MainVC.swift */,
				5811CF062710D0A1004110DC /* ForecastVC.swift */,
				58041B9327160AE70048632C /* ForecastTableVC.swift */,
				58A1363D2713E8FD00EC3AA0 /* PermissionVC.swift */,
			);
			path = Controller;
			sourceTree = "<group>";
		};
/* End PBXGroup section */

/* Begin PBXNativeTarget section */
		5811CEEA270FACE5004110DC /* Weather_app */ = {
			isa = PBXNativeTarget;
			buildConfigurationList = 5811CEFF270FACE6004110DC /* Build configuration list for PBXNativeTarget "Weather_app" */;
			buildPhases = (
				B04A76402ABF33FFE774AA26 /* [CP] Check Pods Manifest.lock */,
				5811CEE7270FACE5004110DC /* Sources */,
				5811CEE8270FACE5004110DC /* Frameworks */,
				5811CEE9270FACE5004110DC /* Resources */,
				407F862169D81759FA2BC765 /* [CP] Embed Pods Frameworks */,
			);
			buildRules = (
			);
			dependencies = (
			);
			name = Weather_app;
			productName = Weather_app;
			productReference = 5811CEEB270FACE5004110DC /* Weather_app.app */;
			productType = "com.apple.product-type.application";
		};
/* End PBXNativeTarget section */

/* Begin PBXProject section */
		5811CEE3270FACE5004110DC /* Project object */ = {
			isa = PBXProject;
			attributes = {
				BuildIndependentTargetsInParallel = 1;
				LastSwiftUpdateCheck = 1300;
				LastUpgradeCheck = 1300;
				TargetAttributes = {
					5811CEEA270FACE5004110DC = {
						CreatedOnToolsVersion = 13.0;
					};
				};
			};
			buildConfigurationList = 5811CEE6270FACE5004110DC /* Build configuration list for PBXProject "Weather_app" */;
			compatibilityVersion = "Xcode 13.0";
			developmentRegion = en;
			hasScannedForEncodings = 0;
			knownRegions = (
				en,
				Base,
			);
			mainGroup = 5811CEE2270FACE5004110DC;
			productRefGroup = 5811CEEC270FACE5004110DC /* Products */;
			projectDirPath = "";
			projectRoot = "";
			targets = (
				5811CEEA270FACE5004110DC /* Weather_app */,
			);
		};
/* End PBXProject section */

/* Begin PBXResourcesBuildPhase section */
		5811CEE9270FACE5004110DC /* Resources */ = {
			isa = PBXResourcesBuildPhase;
			buildActionMask = 2147483647;
			files = (
				5811CEFB270FACE6004110DC /* LaunchScreen.storyboard in Resources */,
				58041B8E2714FCC00048632C /* Header.xib in Resources */,
				5811CEF8270FACE6004110DC /* Assets.xcassets in Resources */,
				5811CEF6270FACE5004110DC /* Main.storyboard in Resources */,
			);
			runOnlyForDeploymentPostprocessing = 0;
		};
/* End PBXResourcesBuildPhase section */

/* Begin PBXShellScriptBuildPhase section */
		407F862169D81759FA2BC765 /* [CP] Embed Pods Frameworks */ = {
			isa = PBXShellScriptBuildPhase;
			buildActionMask = 2147483647;
			files = (
			);
			inputFileListPaths = (
				"${PODS_ROOT}/Target Support Files/Pods-Weather_app/Pods-Weather_app-frameworks-${CONFIGURATION}-input-files.xcfilelist",
			);
			name = "[CP] Embed Pods Frameworks";
			outputFileListPaths = (
				"${PODS_ROOT}/Target Support Files/Pods-Weather_app/Pods-Weather_app-frameworks-${CONFIGURATION}-output-files.xcfilelist",
			);
			runOnlyForDeploymentPostprocessing = 0;
			shellPath = /bin/sh;
			shellScript = "\"${PODS_ROOT}/Target Support Files/Pods-Weather_app/Pods-Weather_app-frameworks.sh\"\n";
			showEnvVarsInLog = 0;
		};
		B04A76402ABF33FFE774AA26 /* [CP] Check Pods Manifest.lock */ = {
			isa = PBXShellScriptBuildPhase;
			buildActionMask = 2147483647;
			files = (
			);
			inputFileListPaths = (
			);
			inputPaths = (
				"${PODS_PODFILE_DIR_PATH}/Podfile.lock",
				"${PODS_ROOT}/Manifest.lock",
			);
			name = "[CP] Check Pods Manifest.lock";
			outputFileListPaths = (
			);
			outputPaths = (
				"$(DERIVED_FILE_DIR)/Pods-Weather_app-checkManifestLockResult.txt",
			);
			runOnlyForDeploymentPostprocessing = 0;
			shellPath = /bin/sh;
			shellScript = "diff \"${PODS_PODFILE_DIR_PATH}/Podfile.lock\" \"${PODS_ROOT}/Manifest.lock\" > /dev/null\nif [ $? != 0 ] ; then\n    # print error to STDERR\n    echo \"error: The sandbox is not in sync with the Podfile.lock. Run 'pod install' or update your CocoaPods installation.\" >&2\n    exit 1\nfi\n# This output is used by Xcode 'outputs' to avoid re-running this script phase.\necho \"SUCCESS\" > \"${SCRIPT_OUTPUT_FILE_0}\"\n";
			showEnvVarsInLog = 0;
		};
/* End PBXShellScriptBuildPhase section */

/* Begin PBXSourcesBuildPhase section */
		5811CEE7270FACE5004110DC /* Sources */ = {
			isa = PBXSourcesBuildPhase;
			buildActionMask = 2147483647;
			files = (
				58A1363E2713E8FD00EC3AA0 /* PermissionVC.swift in Sources */,
				5811CF0B2710E2B3004110DC /* Keys.swift in Sources */,
				58041B9427160AE70048632C /* ForecastTableVC.swift in Sources */,
				5811CF092710DADD004110DC /* ForecastCell.swift in Sources */,
				5811CEF3270FACE5004110DC /* MainVC.swift in Sources */,
				58A1363A2713C59F00EC3AA0 /* Icons.swift in Sources */,
				5811CF0D2710EEE4004110DC /* WeatherData.swift in Sources */,
				5811CEEF270FACE5004110DC /* AppDelegate.swift in Sources */,
				5811CEF1270FACE5004110DC /* SceneDelegate.swift in Sources */,
				5811CF0F27114C3C004110DC /* CurrentWeatherModel.swift in Sources */,
				58041B8B2714C8440048632C /* LoadingView.swift in Sources */,
				5811CF072710D0A1004110DC /* ForecastVC.swift in Sources */,
				58041B902714FD940048632C /* HeaderView.swift in Sources */,
			);
			runOnlyForDeploymentPostprocessing = 0;
		};
/* End PBXSourcesBuildPhase section */

/* Begin PBXVariantGroup section */
		5811CEF4270FACE5004110DC /* Main.storyboard */ = {
			isa = PBXVariantGroup;
			children = (
				5811CEF5270FACE5004110DC /* Base */,
			);
			name = Main.storyboard;
			sourceTree = "<group>";
		};
		5811CEF9270FACE6004110DC /* LaunchScreen.storyboard */ = {
			isa = PBXVariantGroup;
			children = (
				5811CEFA270FACE6004110DC /* Base */,
			);
			name = LaunchScreen.storyboard;
			sourceTree = "<group>";
		};
/* End PBXVariantGroup section */

/* Begin XCBuildConfiguration section */
		5811CEFD270FACE6004110DC /* Debug */ = {
			isa = XCBuildConfiguration;
			buildSettings = {
				ALWAYS_SEARCH_USER_PATHS = NO;
				CLANG_ANALYZER_NONNULL = YES;
				CLANG_ANALYZER_NUMBER_OBJECT_CONVERSION = YES_AGGRESSIVE;
				CLANG_CXX_LANGUAGE_STANDARD = "gnu++17";
				CLANG_CXX_LIBRARY = "libc++";
				CLANG_ENABLE_MODULES = YES;
				CLANG_ENABLE_OBJC_ARC = YES;
				CLANG_ENABLE_OBJC_WEAK = YES;
				CLANG_WARN_BLOCK_CAPTURE_AUTORELEASING = YES;
				CLANG_WARN_BOOL_CONVERSION = YES;
				CLANG_WARN_COMMA = YES;
				CLANG_WARN_CONSTANT_CONVERSION = YES;
				CLANG_WARN_DEPRECATED_OBJC_IMPLEMENTATIONS = YES;
				CLANG_WARN_DIRECT_OBJC_ISA_USAGE = YES_ERROR;
				CLANG_WARN_DOCUMENTATION_COMMENTS = YES;
				CLANG_WARN_EMPTY_BODY = YES;
				CLANG_WARN_ENUM_CONVERSION = YES;
				CLANG_WARN_INFINITE_RECURSION = YES;
				CLANG_WARN_INT_CONVERSION = YES;
				CLANG_WARN_NON_LITERAL_NULL_CONVERSION = YES;
				CLANG_WARN_OBJC_IMPLICIT_RETAIN_SELF = YES;
				CLANG_WARN_OBJC_LITERAL_CONVERSION = YES;
				CLANG_WARN_OBJC_ROOT_CLASS = YES_ERROR;
				CLANG_WARN_QUOTED_INCLUDE_IN_FRAMEWORK_HEADER = YES;
				CLANG_WARN_RANGE_LOOP_ANALYSIS = YES;
				CLANG_WARN_STRICT_PROTOTYPES = YES;
				CLANG_WARN_SUSPICIOUS_MOVE = YES;
				CLANG_WARN_UNGUARDED_AVAILABILITY = YES_AGGRESSIVE;
				CLANG_WARN_UNREACHABLE_CODE = YES;
				CLANG_WARN__DUPLICATE_METHOD_MATCH = YES;
				COPY_PHASE_STRIP = NO;
				DEBUG_INFORMATION_FORMAT = dwarf;
				ENABLE_STRICT_OBJC_MSGSEND = YES;
				ENABLE_TESTABILITY = YES;
				GCC_C_LANGUAGE_STANDARD = gnu11;
				GCC_DYNAMIC_NO_PIC = NO;
				GCC_NO_COMMON_BLOCKS = YES;
				GCC_OPTIMIZATION_LEVEL = 0;
				GCC_PREPROCESSOR_DEFINITIONS = (
					"DEBUG=1",
					"$(inherited)",
				);
				GCC_WARN_64_TO_32_BIT_CONVERSION = YES;
				GCC_WARN_ABOUT_RETURN_TYPE = YES_ERROR;
				GCC_WARN_UNDECLARED_SELECTOR = YES;
				GCC_WARN_UNINITIALIZED_AUTOS = YES_AGGRESSIVE;
				GCC_WARN_UNUSED_FUNCTION = YES;
				GCC_WARN_UNUSED_VARIABLE = YES;
				IPHONEOS_DEPLOYMENT_TARGET = 12.0;
				MTL_ENABLE_DEBUG_INFO = INCLUDE_SOURCE;
				MTL_FAST_MATH = YES;
				ONLY_ACTIVE_ARCH = YES;
				SDKROOT = iphoneos;
				SWIFT_ACTIVE_COMPILATION_CONDITIONS = DEBUG;
				SWIFT_OPTIMIZATION_LEVEL = "-Onone";
			};
			name = Debug;
		};
		5811CEFE270FACE6004110DC /* Release */ = {
			isa = XCBuildConfiguration;
			buildSettings = {
				ALWAYS_SEARCH_USER_PATHS = NO;
				CLANG_ANALYZER_NONNULL = YES;
				CLANG_ANALYZER_NUMBER_OBJECT_CONVERSION = YES_AGGRESSIVE;
				CLANG_CXX_LANGUAGE_STANDARD = "gnu++17";
				CLANG_CXX_LIBRARY = "libc++";
				CLANG_ENABLE_MODULES = YES;
				CLANG_ENABLE_OBJC_ARC = YES;
				CLANG_ENABLE_OBJC_WEAK = YES;
				CLANG_WARN_BLOCK_CAPTURE_AUTORELEASING = YES;
				CLANG_WARN_BOOL_CONVERSION = YES;
				CLANG_WARN_COMMA = YES;
				CLANG_WARN_CONSTANT_CONVERSION = YES;
				CLANG_WARN_DEPRECATED_OBJC_IMPLEMENTATIONS = YES;
				CLANG_WARN_DIRECT_OBJC_ISA_USAGE = YES_ERROR;
				CLANG_WARN_DOCUMENTATION_COMMENTS = YES;
				CLANG_WARN_EMPTY_BODY = YES;
				CLANG_WARN_ENUM_CONVERSION = YES;
				CLANG_WARN_INFINITE_RECURSION = YES;
				CLANG_WARN_INT_CONVERSION = YES;
				CLANG_WARN_NON_LITERAL_NULL_CONVERSION = YES;
				CLANG_WARN_OBJC_IMPLICIT_RETAIN_SELF = YES;
				CLANG_WARN_OBJC_LITERAL_CONVERSION = YES;
				CLANG_WARN_OBJC_ROOT_CLASS = YES_ERROR;
				CLANG_WARN_QUOTED_INCLUDE_IN_FRAMEWORK_HEADER = YES;
				CLANG_WARN_RANGE_LOOP_ANALYSIS = YES;
				CLANG_WARN_STRICT_PROTOTYPES = YES;
				CLANG_WARN_SUSPICIOUS_MOVE = YES;
				CLANG_WARN_UNGUARDED_AVAILABILITY = YES_AGGRESSIVE;
				CLANG_WARN_UNREACHABLE_CODE = YES;
				CLANG_WARN__DUPLICATE_METHOD_MATCH = YES;
				COPY_PHASE_STRIP = NO;
				DEBUG_INFORMATION_FORMAT = "dwarf-with-dsym";
				ENABLE_NS_ASSERTIONS = NO;
				ENABLE_STRICT_OBJC_MSGSEND = YES;
				GCC_C_LANGUAGE_STANDARD = gnu11;
				GCC_NO_COMMON_BLOCKS = YES;
				GCC_WARN_64_TO_32_BIT_CONVERSION = YES;
				GCC_WARN_ABOUT_RETURN_TYPE = YES_ERROR;
				GCC_WARN_UNDECLARED_SELECTOR = YES;
				GCC_WARN_UNINITIALIZED_AUTOS = YES_AGGRESSIVE;
				GCC_WARN_UNUSED_FUNCTION = YES;
				GCC_WARN_UNUSED_VARIABLE = YES;
				IPHONEOS_DEPLOYMENT_TARGET = 12.0;
				MTL_ENABLE_DEBUG_INFO = NO;
				MTL_FAST_MATH = YES;
				SDKROOT = iphoneos;
				SWIFT_COMPILATION_MODE = wholemodule;
				SWIFT_OPTIMIZATION_LEVEL = "-O";
				VALIDATE_PRODUCT = YES;
			};
			name = Release;
		};
		5811CF00270FACE6004110DC /* Debug */ = {
			isa = XCBuildConfiguration;
			baseConfigurationReference = D7FB5AF4504F3A4DB37D848C /* Pods-Weather_app.debug.xcconfig */;
			buildSettings = {
				ASSETCATALOG_COMPILER_APPICON_NAME = AppIcon;
				ASSETCATALOG_COMPILER_GLOBAL_ACCENT_COLOR_NAME = AccentColor;
				ASSETCATALOG_COMPILER_INCLUDE_ALL_APPICON_ASSETS = YES;
				CODE_SIGN_STYLE = Automatic;
				CURRENT_PROJECT_VERSION = 1;
				DEVELOPMENT_TEAM = RNA58LVUWN;
				GENERATE_INFOPLIST_FILE = YES;
				INFOPLIST_FILE = Weather_app/Info.plist;
				INFOPLIST_KEY_NSLocationWhenInUseUsageDescription = "We Need your location to show you current weather";
				INFOPLIST_KEY_UIApplicationSupportsIndirectInputEvents = YES;
				INFOPLIST_KEY_UILaunchStoryboardName = LaunchScreen;
				INFOPLIST_KEY_UIMainStoryboardFile = Main;
				INFOPLIST_KEY_UISupportedInterfaceOrientations = "UIInterfaceOrientationPortrait UIInterfaceOrientationLandscapeLeft UIInterfaceOrientationLandscapeRight";
				INFOPLIST_KEY_UISupportedInterfaceOrientations_iPad = "UIInterfaceOrientationPortrait UIInterfaceOrientationPortraitUpsideDown UIInterfaceOrientationLandscapeLeft UIInterfaceOrientationLandscapeRight";
				INFOPLIST_KEY_UISupportedInterfaceOrientations_iPhone = "UIInterfaceOrientationPortrait UIInterfaceOrientationLandscapeLeft UIInterfaceOrientationLandscapeRight";
				LD_RUNPATH_SEARCH_PATHS = (
					"$(inherited)",
					"@executable_path/Frameworks",
				);
				MARKETING_VERSION = 1.0;
				PRODUCT_BUNDLE_IDENTIFIER = "com.sabakhitaridze.Weather-app";
				PRODUCT_NAME = "$(TARGET_NAME)";
				SWIFT_EMIT_LOC_STRINGS = YES;
				SWIFT_VERSION = 5.0;
				TARGETED_DEVICE_FAMILY = 1;
			};
			name = Debug;
		};
		5811CF01270FACE6004110DC /* Release */ = {
			isa = XCBuildConfiguration;
			baseConfigurationReference = 108552F4569E716A2AD2E546 /* Pods-Weather_app.release.xcconfig */;
			buildSettings = {
				ASSETCATALOG_COMPILER_APPICON_NAME = AppIcon;
				ASSETCATALOG_COMPILER_GLOBAL_ACCENT_COLOR_NAME = AccentColor;
				ASSETCATALOG_COMPILER_INCLUDE_ALL_APPICON_ASSETS = YES;
				CODE_SIGN_STYLE = Automatic;
				CURRENT_PROJECT_VERSION = 1;
				DEVELOPMENT_TEAM = RNA58LVUWN;
				GENERATE_INFOPLIST_FILE = YES;
				INFOPLIST_FILE = Weather_app/Info.plist;
				INFOPLIST_KEY_NSLocationWhenInUseUsageDescription = "We Need your location to show you current weather";
				INFOPLIST_KEY_UIApplicationSupportsIndirectInputEvents = YES;
				INFOPLIST_KEY_UILaunchStoryboardName = LaunchScreen;
				INFOPLIST_KEY_UIMainStoryboardFile = Main;
				INFOPLIST_KEY_UISupportedInterfaceOrientations = "UIInterfaceOrientationPortrait UIInterfaceOrientationLandscapeLeft UIInterfaceOrientationLandscapeRight";
				INFOPLIST_KEY_UISupportedInterfaceOrientations_iPad = "UIInterfaceOrientationPortrait UIInterfaceOrientationPortraitUpsideDown UIInterfaceOrientationLandscapeLeft UIInterfaceOrientationLandscapeRight";
				INFOPLIST_KEY_UISupportedInterfaceOrientations_iPhone = "UIInterfaceOrientationPortrait UIInterfaceOrientationLandscapeLeft UIInterfaceOrientationLandscapeRight";
				LD_RUNPATH_SEARCH_PATHS = (
					"$(inherited)",
					"@executable_path/Frameworks",
				);
				MARKETING_VERSION = 1.0;
				PRODUCT_BUNDLE_IDENTIFIER = "com.sabakhitaridze.Weather-app";
				PRODUCT_NAME = "$(TARGET_NAME)";
				SWIFT_EMIT_LOC_STRINGS = YES;
				SWIFT_VERSION = 5.0;
				TARGETED_DEVICE_FAMILY = 1;
			};
			name = Release;
		};
/* End XCBuildConfiguration section */

/* Begin XCConfigurationList section */
		5811CEE6270FACE5004110DC /* Build configuration list for PBXProject "Weather_app" */ = {
			isa = XCConfigurationList;
			buildConfigurations = (
				5811CEFD270FACE6004110DC /* Debug */,
				5811CEFE270FACE6004110DC /* Release */,
			);
			defaultConfigurationIsVisible = 0;
			defaultConfigurationName = Release;
		};
		5811CEFF270FACE6004110DC /* Build configuration list for PBXNativeTarget "Weather_app" */ = {
			isa = XCConfigurationList;
			buildConfigurations = (
				5811CF00270FACE6004110DC /* Debug */,
				5811CF01270FACE6004110DC /* Release */,
			);
			defaultConfigurationIsVisible = 0;
			defaultConfigurationName = Release;
		};
/* End XCConfigurationList section */
	};
	rootObject = 5811CEE3270FACE5004110DC /* Project object */;
}
